{
  "x86_64-darwin": {
    "macos15/20260217.0171.1": {
      "stateHash": "2992af401edda6e1c146fe6f2eb37b8dd3a20d3f402c8bb66f169f62262ab3fb"
    }
  },
  "aarch64-darwin": {
    "macos15/20260224.0170.1": {
      "stateHash": "403df9dbc6bc44fd9c153ce3f4614d8158b29c23765c84e8f557a423a3050557"
    }
  },
  "aarch64-linux": {
    "ubuntu22/20260209.41.1": {
      "stateHash": "fe70676f6f61509f5519f3c5de6bbe0db3930871f2f5a7549de0610018e232ff"
    }
  },
  "x86_64-linux": {
    "ubuntu22/20260224.45.1": {
      "stateHash": "5612dfb6fc168a1a227caffa597d18908be89965a410096f2aed1fb8b57f1997"
    }
  }
}
